Microsoft Visual Studio Solution File, Format Version 12.00
# Visual Studio 15
VisualStudioVersion = 15.0.27130.2026
MinimumVisualStudioVersion = 15.0.26124.0
Project("{2150E333-8FDC-42A3-9474-1A3956D46DE8}") = "src", "src", "{1D769A82-D005-47B4-B7F2-C202D6246066}"
EndProject
Project("{9A19103F-16F7-4668-BE54-9A1E7A4F7556}") = "B.Calendar", "src\B.Calendar\B.Calendar.csproj", "{9426EAB6-51EE-4B45-86AA-B080116D8D71}"
EndProject
Project("{2150E333-8FDC-42A3-9474-1A3956D46DE8}") = "test", "test", "{620842B2-86E0-4F52-843A-916FC1DD2244}"
EndProject
Project("{9A19103F-16F7-4668-BE54-9A1E7A4F7556}") = "B.Calendar.Test", "test\B.Calendar.Test\B.Calendar.Test.csproj", "{45ACDC5E-492D-4F0C-BF82-0B44A0FADFA2}"
EndProject
Global
	GlobalSection(SolutionConfigurationPlatforms) = preSolution
		Debug|Any CPU = Debug|Any CPU
		Debug|x64 = Debug|x64
		Debug|x86 = Debug|x86
		Release|Any CPU = Release|Any CPU
		Release|x64 = Release|x64
		Release|x86 = Release|x86
	EndGlobalSection
	GlobalSection(ProjectConfigurationPlatforms) = postSolution
		{9426EAB6-51EE-4B45-86AA-B080116D8D71}.Debug|Any CPU.ActiveCfg = Debug|Any CPU
		{9426EAB6-51EE-4B45-86AA-B080116D8D71}.Debug|Any CPU.Build.0 = Debug|Any CPU
		{9426EAB6-51EE-4B45-86AA-B080116D8D71}.Debug|x64.ActiveCfg = Debug|Any CPU
		{9426EAB6-51EE-4B45-86AA-B080116D8D71}.Debug|x64.Build.0 = Debug|Any CPU
		{9426EAB6-51EE-4B45-86AA-B080116D8D71}.Debug|x86.ActiveCfg = Debug|Any CPU
		{9426EAB6-51EE-4B45-86AA-B080116D8D71}.Debug|x86.Build.0 = Debug|Any CPU
		{9426EAB6-51EE-4B45-86AA-B080116D8D71}.Release|Any CPU.ActiveCfg = Release|Any CPU
		{9426EAB6-51EE-4B45-86AA-B080116D8D71}.Release|Any CPU.Build.0 = Release|Any CPU
		{9426EAB6-51EE-4B45-86AA-B080116D8D71}.Release|x64.ActiveCfg = Release|Any CPU
		{9426EAB6-51EE-4B45-86AA-B080116D8D71}.Release|x64.Build.0 = Release|Any CPU
		{9426EAB6-51EE-4B45-86AA-B080116D8D71}.Release|x86.ActiveCfg = Release|Any CPU
		{9426EAB6-51EE-4B45-86AA-B080116D8D71}.Release|x86.Build.0 = Release|Any CPU
		{45ACDC5E-492D-4F0C-BF82-0B44A0FADFA2}.Debug|Any CPU.ActiveCfg = Debug|Any CPU
		{45ACDC5E-492D-4F0C-BF82-0B44A0FADFA2}.Debug|Any CPU.Build.0 = Debug|Any CPU
		{45ACDC5E-492D-4F0C-BF82-0B44A0FADFA2}.Debug|x64.ActiveCfg = Debug|Any CPU
		{45ACDC5E-492D-4F0C-BF82-0B44A0FADFA2}.Debug|x64.Build.0 = Debug|Any CPU
		{45ACDC5E-492D-4F0C-BF82-0B44A0FADFA2}.Debug|x86.ActiveCfg = Debug|Any CPU
		{45ACDC5E-492D-4F0C-BF82-0B44A0FADFA2}.Debug|x86.Build.0 = Debug|Any CPU
		{45ACDC5E-492D-4F0C-BF82-0B44A0FADFA2}.Release|Any CPU.ActiveCfg = Release|Any CPU
		{45ACDC5E-492D-4F0C-BF82-0B44A0FADFA2}.Release|Any CPU.Build.0 = Release|Any CPU
		{45ACDC5E-492D-4F0C-BF82-0B44A0FADFA2}.Release|x64.ActiveCfg = Release|Any CPU
		{45ACDC5E-492D-4F0C-BF82-0B44A0FADFA2}.Release|x64.Build.0 = Release|Any CPU
		{45ACDC5E-492D-4F0C-BF82-0B44A0FADFA2}.Release|x86.ActiveCfg = Release|Any CPU
		{45ACDC5E-492D-4F0C-BF82-0B44A0FADFA2}.Release|x86.Build.0 = Release|Any CPU
	EndGlobalSection
	GlobalSection(SolutionProperties) = preSolution
		HideSolutionNode = FALSE
	EndGlobalSection
	GlobalSection(NestedProjects) = preSolution
		{9426EAB6-51EE-4B45-86AA-B080116D8D71} = {1D769A82-D005-47B4-B7F2-C202D6246066}
		{45ACDC5E-492D-4F0C-BF82-0B44A0FADFA2} = {620842B2-86E0-4F52-843A-916FC1DD2244}
	EndGlobalSection
	GlobalSection(ExtensibilityGlobals) = postSolution
		SolutionGuid = {3B7E1F96-CFE2-4D0E-8835-32238CA88162}
	EndGlobalSection
EndGlobal
